
Microsoft Visual Studio Solution File, Format Version 12.00
# Visual Studio Version 16
VisualStudioVersion = 16.0.30011.22
MinimumVisualStudioVersion = 10.0.40219.1
Project("{FAE04EC0-301F-11D3-BF4B-00C04F79EFBC}") = "KitapEvi", "KitapEvi\KitapEvi.csproj", "{054BCB8F-66C2-4590-9612-AB562989709D}"
EndProject
Global
	GlobalSection(SolutionConfigurationPlatforms) = preSolution
		Debug|Any CPU = Debug|Any CPU
		Release|Any CPU = Release|Any CPU
	EndGlobalSection
	GlobalSection(ProjectConfigurationPlatforms) = postSolution
		{054BCB8F-66C2-4590-9612-AB562989709D}.Debug|Any CPU.ActiveCfg = Debug|Any CPU
		{054BCB8F-66C2-4590-9612-AB562989709D}.Debug|Any CPU.Build.0 = Debug|Any CPU
		{054BCB8F-66C2-4590-9612-AB562989709D}.Release|Any CPU.ActiveCfg = Release|Any CPU
		{054BCB8F-66C2-4590-9612-AB562989709D}.Release|Any CPU.Build.0 = Release|Any CPU
	EndGlobalSection
	GlobalSection(SolutionProperties) = preSolution
		HideSolutionNode = FALSE
	EndGlobalSection
	GlobalSection(ExtensibilityGlobals) = postSolution
		SolutionGuid = {AC6633FD-2503-46F1-8394-AF47CD954438}
	EndGlobalSection
EndGlobal
